
Microsoft Visual Studio Solution File, Format Version 12.00
# Visual Studio Version 16
VisualStudioVersion = 16.0.29102.190
MinimumVisualStudioVersion = 10.0.40219.1
Project("{8BC9CEB8-8B4A-11D0-8D11-00A0C91BC942}") = "CQ_APP", "CQ_APP\CQ_APP.vcxproj", "{66585B15-2064-4CA7-8836-CA73E7FCB7BE}"
	ProjectSection(ProjectDependencies) = postProject
		{D4A1F561-735F-48C8-A887-E8AA1B6BA589} = {D4A1F561-735F-48C8-A887-E8AA1B6BA589}
		{EAA2AE87-0B29-4F96-A93E-E629D233C620} = {EAA2AE87-0B29-4F96-A93E-E629D233C620}
	EndProjectSection
EndProject
Project("{8BC9CEB8-8B4A-11D0-8D11-00A0C91BC942}") = "CQ_SDK", "CQ_SDK\CQ_SDK.vcxproj", "{EAA2AE87-0B29-4F96-A93E-E629D233C620}"
EndProject
Project("{FAE04EC0-301F-11D3-BF4B-00C04F79EFBC}") = "CQ_Json", "..\cqsdk-json\CQ_Json.csproj", "{D4A1F561-735F-48C8-A887-E8AA1B6BA589}"
EndProject
Global
	GlobalSection(SolutionConfigurationPlatforms) = preSolution
		Debug|Any CPU = Debug|Any CPU
		Debug|x64 = Debug|x64
		Debug|x86 = Debug|x86
		Release|Any CPU = Release|Any CPU
		Release|x64 = Release|x64
		Release|x86 = Release|x86
	EndGlobalSection
	GlobalSection(ProjectConfigurationPlatforms) = postSolution
		{66585B15-2064-4CA7-8836-CA73E7FCB7BE}.Debug|Any CPU.ActiveCfg = Debug|Win32
		{66585B15-2064-4CA7-8836-CA73E7FCB7BE}.Debug|x64.ActiveCfg = Debug|Win32
		{66585B15-2064-4CA7-8836-CA73E7FCB7BE}.Debug|x86.ActiveCfg = Debug|Win32
		{66585B15-2064-4CA7-8836-CA73E7FCB7BE}.Debug|x86.Build.0 = Debug|Win32
		{66585B15-2064-4CA7-8836-CA73E7FCB7BE}.Release|Any CPU.ActiveCfg = Release|Win32
		{66585B15-2064-4CA7-8836-CA73E7FCB7BE}.Release|Any CPU.Build.0 = Release|Win32
		{66585B15-2064-4CA7-8836-CA73E7FCB7BE}.Release|x64.ActiveCfg = Release|Win32
		{66585B15-2064-4CA7-8836-CA73E7FCB7BE}.Release|x86.ActiveCfg = Release|Win32
		{66585B15-2064-4CA7-8836-CA73E7FCB7BE}.Release|x86.Build.0 = Release|Win32
		{EAA2AE87-0B29-4F96-A93E-E629D233C620}.Debug|Any CPU.ActiveCfg = Debug|Win32
		{EAA2AE87-0B29-4F96-A93E-E629D233C620}.Debug|x64.ActiveCfg = Debug|Win32
		{EAA2AE87-0B29-4F96-A93E-E629D233C620}.Debug|x86.ActiveCfg = Debug|Win32
		{EAA2AE87-0B29-4F96-A93E-E629D233C620}.Debug|x86.Build.0 = Debug|Win32
		{EAA2AE87-0B29-4F96-A93E-E629D233C620}.Release|Any CPU.ActiveCfg = Release|Win32
		{EAA2AE87-0B29-4F96-A93E-E629D233C620}.Release|Any CPU.Build.0 = Release|Win32
		{EAA2AE87-0B29-4F96-A93E-E629D233C620}.Release|x64.ActiveCfg = Release|Win32
		{EAA2AE87-0B29-4F96-A93E-E629D233C620}.Release|x86.ActiveCfg = Release|Win32
		{EAA2AE87-0B29-4F96-A93E-E629D233C620}.Release|x86.Build.0 = Release|Win32
		{D4A1F561-735F-48C8-A887-E8AA1B6BA589}.Debug|Any CPU.ActiveCfg = Debug|Any CPU
		{D4A1F561-735F-48C8-A887-E8AA1B6BA589}.Debug|Any CPU.Build.0 = Debug|Any CPU
		{D4A1F561-735F-48C8-A887-E8AA1B6BA589}.Debug|x64.ActiveCfg = Debug|Any CPU
		{D4A1F561-735F-48C8-A887-E8AA1B6BA589}.Debug|x64.Build.0 = Debug|Any CPU
		{D4A1F561-735F-48C8-A887-E8AA1B6BA589}.Debug|x86.ActiveCfg = Debug|Any CPU
		{D4A1F561-735F-48C8-A887-E8AA1B6BA589}.Debug|x86.Build.0 = Debug|Any CPU
		{D4A1F561-735F-48C8-A887-E8AA1B6BA589}.Release|Any CPU.ActiveCfg = Release|Any CPU
		{D4A1F561-735F-48C8-A887-E8AA1B6BA589}.Release|Any CPU.Build.0 = Release|Any CPU
		{D4A1F561-735F-48C8-A887-E8AA1B6BA589}.Release|x64.ActiveCfg = Release|Any CPU
		{D4A1F561-735F-48C8-A887-E8AA1B6BA589}.Release|x64.Build.0 = Release|Any CPU
		{D4A1F561-735F-48C8-A887-E8AA1B6BA589}.Release|x86.ActiveCfg = Release|Any CPU
		{D4A1F561-735F-48C8-A887-E8AA1B6BA589}.Release|x86.Build.0 = Release|Any CPU
	EndGlobalSection
	GlobalSection(SolutionProperties) = preSolution
		HideSolutionNode = FALSE
	EndGlobalSection
	GlobalSection(ExtensibilityGlobals) = postSolution
		SolutionGuid = {03130113-67D0-448D-B41F-4BCADDFEAC86}
	EndGlobalSection
EndGlobal
